<Solution>
  <Project Path="Bibliography.Lib/Bibliography.Lib.csproj" />
  <Project Path="Bibliography.Maui/Bibliography.Maui.csproj" />
  <Project Path="Bibliographía/Bibliographía.csproj" />
  <Project Path="Bibliogrphy.Lib.Tests/Bibliogrphy.Lib.Tests.csproj" Id="88ee3db9-c451-4cd8-96a9-4ba36d96862a" />
  <Project Path="Bibluiography.GoogleBooks.Lib/Bibluiography.GoogleBooks.Lib.csproj" />
</Solution>
